
Microsoft Visual Studio Solution File, Format Version 12.00
# Visual Studio Version 16
VisualStudioVersion = 16.0.28721.148
MinimumVisualStudioVersion = 10.0.40219.1
Project("{9A19103F-16F7-4668-BE54-9A1E7A4F7556}") = "Internationalization", "Internationalization\Internationalization.csproj", "{FC080A56-7EA9-4670-97C3-EAF2A499B8AB}"
EndProject
Project("{9A19103F-16F7-4668-BE54-9A1E7A4F7556}") = "Resource", "Resource\Resource.csproj", "{52530FF9-E814-4B17-91C3-8AC7165FE25A}"
EndProject
Project("{9A19103F-16F7-4668-BE54-9A1E7A4F7556}") = "StringLocalizer", "StringLocalizer\StringLocalizer.csproj", "{C48392E4-F1D5-4C1D-B89B-B05FB358A709}"
EndProject
Project("{FAE04EC0-301F-11D3-BF4B-00C04F79EFBC}") = "RequestLocalization", "RequestLocalization\RequestLocalization.csproj", "{25408860-9FE9-4C76-9DD9-F39078FF7A77}"
EndProject
Global
	GlobalSection(SolutionConfigurationPlatforms) = preSolution
		Debug|Any CPU = Debug|Any CPU
		Release|Any CPU = Release|Any CPU
	EndGlobalSection
	GlobalSection(ProjectConfigurationPlatforms) = postSolution
		{FC080A56-7EA9-4670-97C3-EAF2A499B8AB}.Debug|Any CPU.ActiveCfg = Debug|Any CPU
		{FC080A56-7EA9-4670-97C3-EAF2A499B8AB}.Debug|Any CPU.Build.0 = Debug|Any CPU
		{FC080A56-7EA9-4670-97C3-EAF2A499B8AB}.Release|Any CPU.ActiveCfg = Release|Any CPU
		{FC080A56-7EA9-4670-97C3-EAF2A499B8AB}.Release|Any CPU.Build.0 = Release|Any CPU
		{52530FF9-E814-4B17-91C3-8AC7165FE25A}.Debug|Any CPU.ActiveCfg = Debug|Any CPU
		{52530FF9-E814-4B17-91C3-8AC7165FE25A}.Debug|Any CPU.Build.0 = Debug|Any CPU
		{52530FF9-E814-4B17-91C3-8AC7165FE25A}.Release|Any CPU.ActiveCfg = Release|Any CPU
		{52530FF9-E814-4B17-91C3-8AC7165FE25A}.Release|Any CPU.Build.0 = Release|Any CPU
		{C48392E4-F1D5-4C1D-B89B-B05FB358A709}.Debug|Any CPU.ActiveCfg = Debug|Any CPU
		{C48392E4-F1D5-4C1D-B89B-B05FB358A709}.Debug|Any CPU.Build.0 = Debug|Any CPU
		{C48392E4-F1D5-4C1D-B89B-B05FB358A709}.Release|Any CPU.ActiveCfg = Release|Any CPU
		{C48392E4-F1D5-4C1D-B89B-B05FB358A709}.Release|Any CPU.Build.0 = Release|Any CPU
		{25408860-9FE9-4C76-9DD9-F39078FF7A77}.Debug|Any CPU.ActiveCfg = Debug|Any CPU
		{25408860-9FE9-4C76-9DD9-F39078FF7A77}.Debug|Any CPU.Build.0 = Debug|Any CPU
		{25408860-9FE9-4C76-9DD9-F39078FF7A77}.Release|Any CPU.ActiveCfg = Release|Any CPU
		{25408860-9FE9-4C76-9DD9-F39078FF7A77}.Release|Any CPU.Build.0 = Release|Any CPU
	EndGlobalSection
	GlobalSection(SolutionProperties) = preSolution
		HideSolutionNode = FALSE
	EndGlobalSection
	GlobalSection(ExtensibilityGlobals) = postSolution
		SolutionGuid = {92DED6A1-B777-4387-A348-1D455F8F644F}
	EndGlobalSection
EndGlobal
